{
  "nodes": {
    "flake-compat": {
      "flake": false,
      "locked": {
        "lastModified": 1696426674,
        "narHash": "sha256-kvjfFW7WAETZlt09AgDn1MrtKzP7t90Vf7vypd3OL1U=",
        "owner": "edolstra",
        "repo": "flake-compat",
        "rev": "0f9255e01c2351cc7d116c072cb317785dd33b33",
        "type": "github"
      },
      "original": {
        "owner": "edolstra",
        "repo": "flake-compat",
        "type": "github"
      }
    },
    "flake-utils": {
      "locked": {
        "lastModified": 1659877975,
        "narHash": "sha256-zllb8aq3YO3h8B/U0/J1WBgAL8EX5yWf5pMj3G0NAmc=",
        "owner": "numtide",
        "repo": "flake-utils",
        "rev": "c0e246b9b83f637f4681389ecabcb2681b4f3af0",
        "type": "github"
      },
      "original": {
        "owner": "numtide",
        "repo": "flake-utils",
        "type": "github"
      }
    },
    "nixGL": {
      "inputs": {
        "flake-utils": "flake-utils",
        "nixpkgs": [
          "nixpkgs"
        ]
      },
      "locked": {
        "lastModified": 1706126131,
        "narHash": "sha256-rWRlgjPpGjuvhdocs1Q8SGPMMNtH/IcJnhAcyLm7cRI=",
        "owner": "cfhammill",
        "repo": "nixGL",
        "rev": "efea555e50f95b2801a6b5c40e88ca73c9501609",
        "type": "github"
      },
      "original": {
        "owner": "cfhammill",
        "repo": "nixGL",
        "type": "github"
      }
    },
    "nixpkgs": {
      "locked": {
        "lastModified": 1723736347,
        "narHash": "sha256-lxxFFcpICuGDA5zBdM/3Nl7mzzAfg2o+PLPT/yz1T0U=",
        "owner": "cfhammill",
        "repo": "nixpkgs",
        "rev": "a19a1ce94f63de8c0dda45f51e976b080f3a3eff",
        "type": "github"
      },
      "original": {
        "owner": "cfhammill",
        "ref": "text-deps-fixes",
        "repo": "nixpkgs",
        "type": "github"
      }
    },
    "orthanc_xnat_tools_src": {
      "flake": false,
      "locked": {
        "lastModified": 1685124919,
        "narHash": "sha256-xbBFnTYT1WhTbIdglyUPv8yKmTU2OO0lx3TSpzci7po=",
        "ref": "refs/heads/main",
        "rev": "50339ec8501c0324d4e3e7598c5591e2ecddfbf1",
        "revCount": 19,
        "type": "git",
        "url": "ssh://git@curtcsrv.unity.local:12222/dsaa/orthanc-xnat-tools"
      },
      "original": {
        "type": "git",
        "url": "ssh://git@curtcsrv.unity.local:12222/dsaa/orthanc-xnat-tools"
      }
    },
    "root": {
      "inputs": {
        "flake-compat": "flake-compat",
        "nixGL": "nixGL",
        "nixpkgs": "nixpkgs",
        "orthanc_xnat_tools_src": "orthanc_xnat_tools_src"
      }
    }
  },
  "root": "root",
  "version": 7
}
